
Microsoft Visual Studio Solution File, Format Version 12.00
Project("{FAE04EC0-301F-11D3-BF4B-00C04F79EFBC}") = "LocationService", "src\services\LocationService\LocationService.csproj", "{87AB5631-B241-449A-BA07-A21309775CD5}"
EndProject
Project("{FAE04EC0-301F-11D3-BF4B-00C04F79EFBC}") = "Extensions", "src\shared\Extensions\Extensions.csproj", "{D15DB081-77CA-416B-8835-9D946B1FE614}"
EndProject
Global
	GlobalSection(SolutionConfigurationPlatforms) = preSolution
		Debug|Any CPU = Debug|Any CPU
		Release|Any CPU = Release|Any CPU
	EndGlobalSection
	GlobalSection(ProjectConfigurationPlatforms) = postSolution
		{87AB5631-B241-449A-BA07-A21309775CD5}.Debug|Any CPU.ActiveCfg = Debug|Any CPU
		{87AB5631-B241-449A-BA07-A21309775CD5}.Debug|Any CPU.Build.0 = Debug|Any CPU
		{87AB5631-B241-449A-BA07-A21309775CD5}.Release|Any CPU.ActiveCfg = Release|Any CPU
		{87AB5631-B241-449A-BA07-A21309775CD5}.Release|Any CPU.Build.0 = Release|Any CPU
		{D15DB081-77CA-416B-8835-9D946B1FE614}.Debug|Any CPU.ActiveCfg = Debug|Any CPU
		{D15DB081-77CA-416B-8835-9D946B1FE614}.Debug|Any CPU.Build.0 = Debug|Any CPU
		{D15DB081-77CA-416B-8835-9D946B1FE614}.Release|Any CPU.ActiveCfg = Release|Any CPU
		{D15DB081-77CA-416B-8835-9D946B1FE614}.Release|Any CPU.Build.0 = Release|Any CPU
	EndGlobalSection
EndGlobal
